
Microsoft Visual Studio Solution File, Format Version 12.00
# Visual Studio Version 17
VisualStudioVersion = 17.0.31903.59
MinimumVisualStudioVersion = 10.0.40219.1
Project("{FAE04EC0-301F-11D3-BF4B-00C04F79EFBC}") = "TeamManager.API", "TeamManager.API\TeamManager.API.csproj", "{46707F3A-A758-4A18-B9A7-5317787D1E21}"
EndProject
Project("{FAE04EC0-301F-11D3-BF4B-00C04F79EFBC}") = "TeamManager.Application", "TeamManager.Application\TeamManager.Application.csproj", "{2943DDD8-9674-46DD-84F3-8931426CCB5F}"
EndProject
Project("{FAE04EC0-301F-11D3-BF4B-00C04F79EFBC}") = "TeamManager.Domain", "TeamManager.Domain\TeamManager.Domain.csproj", "{B45CE131-F76C-4A75-B45C-0D4C9685D4BA}"
EndProject
Project("{FAE04EC0-301F-11D3-BF4B-00C04F79EFBC}") = "TeamManager.Infrastructure", "TeamManager.Infrastructure\TeamManager.Infrastructure.csproj", "{29A912CB-BD50-41FD-BA15-A4D001DDD405}"
EndProject
Project("{FAE04EC0-301F-11D3-BF4B-00C04F79EFBC}") = "TeamManager.Tests", "TeamManager.Tests\TeamManager.Tests.csproj", "{D055DF2B-1BE4-4420-B640-A5999533B638}"
EndProject
Global
	GlobalSection(SolutionConfigurationPlatforms) = preSolution
		Debug|Any CPU = Debug|Any CPU
		Debug|x64 = Debug|x64
		Debug|x86 = Debug|x86
		Release|Any CPU = Release|Any CPU
		Release|x64 = Release|x64
		Release|x86 = Release|x86
	EndGlobalSection
	GlobalSection(ProjectConfigurationPlatforms) = postSolution
		{46707F3A-A758-4A18-B9A7-5317787D1E21}.Debug|Any CPU.ActiveCfg = Debug|Any CPU
		{46707F3A-A758-4A18-B9A7-5317787D1E21}.Debug|Any CPU.Build.0 = Debug|Any CPU
		{46707F3A-A758-4A18-B9A7-5317787D1E21}.Debug|x64.ActiveCfg = Debug|Any CPU
		{46707F3A-A758-4A18-B9A7-5317787D1E21}.Debug|x64.Build.0 = Debug|Any CPU
		{46707F3A-A758-4A18-B9A7-5317787D1E21}.Debug|x86.ActiveCfg = Debug|Any CPU
		{46707F3A-A758-4A18-B9A7-5317787D1E21}.Debug|x86.Build.0 = Debug|Any CPU
		{46707F3A-A758-4A18-B9A7-5317787D1E21}.Release|Any CPU.ActiveCfg = Release|Any CPU
		{46707F3A-A758-4A18-B9A7-5317787D1E21}.Release|Any CPU.Build.0 = Release|Any CPU
		{46707F3A-A758-4A18-B9A7-5317787D1E21}.Release|x64.ActiveCfg = Release|Any CPU
		{46707F3A-A758-4A18-B9A7-5317787D1E21}.Release|x64.Build.0 = Release|Any CPU
		{46707F3A-A758-4A18-B9A7-5317787D1E21}.Release|x86.ActiveCfg = Release|Any CPU
		{46707F3A-A758-4A18-B9A7-5317787D1E21}.Release|x86.Build.0 = Release|Any CPU
		{2943DDD8-9674-46DD-84F3-8931426CCB5F}.Debug|Any CPU.ActiveCfg = Debug|Any CPU
		{2943DDD8-9674-46DD-84F3-8931426CCB5F}.Debug|Any CPU.Build.0 = Debug|Any CPU
		{2943DDD8-9674-46DD-84F3-8931426CCB5F}.Debug|x64.ActiveCfg = Debug|Any CPU
		{2943DDD8-9674-46DD-84F3-8931426CCB5F}.Debug|x64.Build.0 = Debug|Any CPU
		{2943DDD8-9674-46DD-84F3-8931426CCB5F}.Debug|x86.ActiveCfg = Debug|Any CPU
		{2943DDD8-9674-46DD-84F3-8931426CCB5F}.Debug|x86.Build.0 = Debug|Any CPU
		{2943DDD8-9674-46DD-84F3-8931426CCB5F}.Release|Any CPU.ActiveCfg = Release|Any CPU
		{2943DDD8-9674-46DD-84F3-8931426CCB5F}.Release|Any CPU.Build.0 = Release|Any CPU
		{2943DDD8-9674-46DD-84F3-8931426CCB5F}.Release|x64.ActiveCfg = Release|Any CPU
		{2943DDD8-9674-46DD-84F3-8931426CCB5F}.Release|x64.Build.0 = Release|Any CPU
		{2943DDD8-9674-46DD-84F3-8931426CCB5F}.Release|x86.ActiveCfg = Release|Any CPU
		{2943DDD8-9674-46DD-84F3-8931426CCB5F}.Release|x86.Build.0 = Release|Any CPU
		{B45CE131-F76C-4A75-B45C-0D4C9685D4BA}.Debug|Any CPU.ActiveCfg = Debug|Any CPU
		{B45CE131-F76C-4A75-B45C-0D4C9685D4BA}.Debug|Any CPU.Build.0 = Debug|Any CPU
		{B45CE131-F76C-4A75-B45C-0D4C9685D4BA}.Debug|x64.ActiveCfg = Debug|Any CPU
		{B45CE131-F76C-4A75-B45C-0D4C9685D4BA}.Debug|x64.Build.0 = Debug|Any CPU
		{B45CE131-F76C-4A75-B45C-0D4C9685D4BA}.Debug|x86.ActiveCfg = Debug|Any CPU
		{B45CE131-F76C-4A75-B45C-0D4C9685D4BA}.Debug|x86.Build.0 = Debug|Any CPU
		{B45CE131-F76C-4A75-B45C-0D4C9685D4BA}.Release|Any CPU.ActiveCfg = Release|Any CPU
		{B45CE131-F76C-4A75-B45C-0D4C9685D4BA}.Release|Any CPU.Build.0 = Release|Any CPU
		{B45CE131-F76C-4A75-B45C-0D4C9685D4BA}.Release|x64.ActiveCfg = Release|Any CPU
		{B45CE131-F76C-4A75-B45C-0D4C9685D4BA}.Release|x64.Build.0 = Release|Any CPU
		{B45CE131-F76C-4A75-B45C-0D4C9685D4BA}.Release|x86.ActiveCfg = Release|Any CPU
		{B45CE131-F76C-4A75-B45C-0D4C9685D4BA}.Release|x86.Build.0 = Release|Any CPU
		{29A912CB-BD50-41FD-BA15-A4D001DDD405}.Debug|Any CPU.ActiveCfg = Debug|Any CPU
		{29A912CB-BD50-41FD-BA15-A4D001DDD405}.Debug|Any CPU.Build.0 = Debug|Any CPU
		{29A912CB-BD50-41FD-BA15-A4D001DDD405}.Debug|x64.ActiveCfg = Debug|Any CPU
		{29A912CB-BD50-41FD-BA15-A4D001DDD405}.Debug|x64.Build.0 = Debug|Any CPU
		{29A912CB-BD50-41FD-BA15-A4D001DDD405}.Debug|x86.ActiveCfg = Debug|Any CPU
		{29A912CB-BD50-41FD-BA15-A4D001DDD405}.Debug|x86.Build.0 = Debug|Any CPU
		{29A912CB-BD50-41FD-BA15-A4D001DDD405}.Release|Any CPU.ActiveCfg = Release|Any CPU
		{29A912CB-BD50-41FD-BA15-A4D001DDD405}.Release|Any CPU.Build.0 = Release|Any CPU
		{29A912CB-BD50-41FD-BA15-A4D001DDD405}.Release|x64.ActiveCfg = Release|Any CPU
		{29A912CB-BD50-41FD-BA15-A4D001DDD405}.Release|x64.Build.0 = Release|Any CPU
		{29A912CB-BD50-41FD-BA15-A4D001DDD405}.Release|x86.ActiveCfg = Release|Any CPU
		{29A912CB-BD50-41FD-BA15-A4D001DDD405}.Release|x86.Build.0 = Release|Any CPU
		{D055DF2B-1BE4-4420-B640-A5999533B638}.Debug|Any CPU.ActiveCfg = Debug|Any CPU
		{D055DF2B-1BE4-4420-B640-A5999533B638}.Debug|Any CPU.Build.0 = Debug|Any CPU
		{D055DF2B-1BE4-4420-B640-A5999533B638}.Debug|x64.ActiveCfg = Debug|Any CPU
		{D055DF2B-1BE4-4420-B640-A5999533B638}.Debug|x64.Build.0 = Debug|Any CPU
		{D055DF2B-1BE4-4420-B640-A5999533B638}.Debug|x86.ActiveCfg = Debug|Any CPU
		{D055DF2B-1BE4-4420-B640-A5999533B638}.Debug|x86.Build.0 = Debug|Any CPU
		{D055DF2B-1BE4-4420-B640-A5999533B638}.Release|Any CPU.ActiveCfg = Release|Any CPU
		{D055DF2B-1BE4-4420-B640-A5999533B638}.Release|Any CPU.Build.0 = Release|Any CPU
		{D055DF2B-1BE4-4420-B640-A5999533B638}.Release|x64.ActiveCfg = Release|Any CPU
		{D055DF2B-1BE4-4420-B640-A5999533B638}.Release|x64.Build.0 = Release|Any CPU
		{D055DF2B-1BE4-4420-B640-A5999533B638}.Release|x86.ActiveCfg = Release|Any CPU
		{D055DF2B-1BE4-4420-B640-A5999533B638}.Release|x86.Build.0 = Release|Any CPU
	EndGlobalSection
	GlobalSection(SolutionProperties) = preSolution
		HideSolutionNode = FALSE
	EndGlobalSection
EndGlobal
